
Microsoft Visual Studio Solution File, Format Version 12.00
# Visual Studio Version 17
VisualStudioVersion = 17.5.33424.131
MinimumVisualStudioVersion = 10.0.40219.1
Project("{2150E333-8FDC-42A3-9474-1A3956D46DE8}") = "Behavioral", "Behavioral", "{7E044226-A894-4320-83F8-FB334AF1EAF7}"
EndProject
Project("{9A19103F-16F7-4668-BE54-9A1E7A4F7556}") = "Memento", "src\Behavioral\Memento\Memento.csproj", "{4B51F820-7133-4B71-BD3B-5B06454B5C95}"
EndProject
Project("{9A19103F-16F7-4668-BE54-9A1E7A4F7556}") = "State", "src\Behavioral\State\State.csproj", "{99624D6D-361F-43ED-A2CF-2536FED65CE5}"
EndProject
Project("{9A19103F-16F7-4668-BE54-9A1E7A4F7556}") = "Iterator", "src\Behavioral\Iterator\Iterator.csproj", "{49C4116C-3DD8-45AA-80F5-9073DC23A719}"
EndProject
Project("{9A19103F-16F7-4668-BE54-9A1E7A4F7556}") = "Strategy", "src\Behavioral\Strategy\Strategy.csproj", "{C6728FFC-BA6A-4674-8A10-92D84DB9D818}"
EndProject
Project("{9A19103F-16F7-4668-BE54-9A1E7A4F7556}") = "Template.Method", "src\Behavioral\Template.Method\Template.Method.csproj", "{D79897E5-6BCB-4D4A-87E1-92ACD5D0824D}"
EndProject
Project("{9A19103F-16F7-4668-BE54-9A1E7A4F7556}") = "Command", "src\Behavioral\Command\Command.csproj", "{25B607C1-B277-4017-A12E-BD87C657BE24}"
EndProject
Project("{9A19103F-16F7-4668-BE54-9A1E7A4F7556}") = "Observer", "src\Behavioral\Observer\Observer.csproj", "{A7B356F9-BB08-4A02-83FC-E90C9169C014}"
EndProject
Project("{9A19103F-16F7-4668-BE54-9A1E7A4F7556}") = "Mediator", "src\Behavioral\Mediator\Mediator.csproj", "{1319CB3B-5B49-43BA-9083-EB1DC714F2DD}"
EndProject
Project("{9A19103F-16F7-4668-BE54-9A1E7A4F7556}") = "Chain.Of.Responsibility", "src\Behavioral\Chain.Of.Responsibility\Chain.Of.Responsibility.csproj", "{2B53FCA5-DAA7-454F-B7EA-B34C0AB936A2}"
EndProject
Project("{9A19103F-16F7-4668-BE54-9A1E7A4F7556}") = "Visitor", "src\Behavioral\Visitor\Visitor.csproj", "{6DA91156-9C0A-41F1-8211-F7FDDF9F0279}"
EndProject
Project("{2150E333-8FDC-42A3-9474-1A3956D46DE8}") = "Structural", "Structural", "{20AADF7A-0B40-4AD9-A35C-65458FB68C16}"
EndProject
Project("{9A19103F-16F7-4668-BE54-9A1E7A4F7556}") = "Composite", "src\Structural\Composite\Composite.csproj", "{3B75A71B-FF43-491C-B8C5-457447B2FC4E}"
EndProject
Project("{9A19103F-16F7-4668-BE54-9A1E7A4F7556}") = "Adapter", "src\Structural\Adapter\Adapter.csproj", "{8C03DD77-A716-473C-A0D9-A82406288B06}"
EndProject
Project("{9A19103F-16F7-4668-BE54-9A1E7A4F7556}") = "Decorator", "src\Structural\Decorator\Decorator.csproj", "{9F799436-0801-4EDA-B8F6-2C52A80DAC10}"
EndProject
Project("{9A19103F-16F7-4668-BE54-9A1E7A4F7556}") = "Facade", "src\Structural\Facade\Facade.csproj", "{B7732E43-8D65-4F1E-9633-0393E2000BFD}"
EndProject
Project("{9A19103F-16F7-4668-BE54-9A1E7A4F7556}") = "Flyweight", "src\Structural\Flyweight\Flyweight.csproj", "{563C0B1B-CF0B-4DEB-800C-FEB656CDB8D0}"
EndProject
Project("{9A19103F-16F7-4668-BE54-9A1E7A4F7556}") = "Bridge", "src\Structural\Bridge\Bridge.csproj", "{2E21C1E3-BFCD-424C-A52A-53AB0C73B0AE}"
EndProject
Project("{9A19103F-16F7-4668-BE54-9A1E7A4F7556}") = "Proxy", "src\Structural\Proxy\Proxy.csproj", "{9BA4773F-9BF3-4BF4-A2B9-858C7F051A1E}"
EndProject
Project("{2150E333-8FDC-42A3-9474-1A3956D46DE8}") = "Creational", "Creational", "{F2814728-E5C9-4243-987C-2A1132017C65}"
EndProject
Project("{9A19103F-16F7-4668-BE54-9A1E7A4F7556}") = "Prototype", "src\Creational\Prototype\Prototype.csproj", "{DB3528F7-EBF7-48C5-80E7-86C6FAE1F906}"
EndProject
Project("{9A19103F-16F7-4668-BE54-9A1E7A4F7556}") = "Singleton", "src\Creational\Singleton\Singleton.csproj", "{C727D5A6-EF75-49B1-9BD9-8B8A85781B85}"
EndProject
Project("{9A19103F-16F7-4668-BE54-9A1E7A4F7556}") = "Factory.Method", "src\Creational\Factory.Method\Factory.Method.csproj", "{23B3A650-F7C1-419A-9D07-3FC280683D26}"
EndProject
Project("{9A19103F-16F7-4668-BE54-9A1E7A4F7556}") = "Abstract.Factory", "src\Creational\Abstract.Factory\Abstract.Factory.csproj", "{FC9B65B6-1708-4023-99AE-2EA883CD06E7}"
EndProject
Project("{9A19103F-16F7-4668-BE54-9A1E7A4F7556}") = "Builder", "src\Creational\Builder\Builder.csproj", "{DB6FE455-BF3F-4D0C-8FEE-02A4B650CCE9}"
EndProject
Project("{2150E333-8FDC-42A3-9474-1A3956D46DE8}") = "Solution Items", "Solution Items", "{23618F9A-6F36-48BB-8A94-BACFAFC64948}"
	ProjectSection(SolutionItems) = preProject
		.editorconfig = .editorconfig
	EndProjectSection
EndProject
Global
	GlobalSection(SolutionConfigurationPlatforms) = preSolution
		Debug|Any CPU = Debug|Any CPU
		Release|Any CPU = Release|Any CPU
	EndGlobalSection
	GlobalSection(ProjectConfigurationPlatforms) = postSolution
		{4B51F820-7133-4B71-BD3B-5B06454B5C95}.Debug|Any CPU.ActiveCfg = Debug|Any CPU
		{4B51F820-7133-4B71-BD3B-5B06454B5C95}.Debug|Any CPU.Build.0 = Debug|Any CPU
		{4B51F820-7133-4B71-BD3B-5B06454B5C95}.Release|Any CPU.ActiveCfg = Release|Any CPU
		{4B51F820-7133-4B71-BD3B-5B06454B5C95}.Release|Any CPU.Build.0 = Release|Any CPU
		{99624D6D-361F-43ED-A2CF-2536FED65CE5}.Debug|Any CPU.ActiveCfg = Debug|Any CPU
		{99624D6D-361F-43ED-A2CF-2536FED65CE5}.Debug|Any CPU.Build.0 = Debug|Any CPU
		{99624D6D-361F-43ED-A2CF-2536FED65CE5}.Release|Any CPU.ActiveCfg = Release|Any CPU
		{99624D6D-361F-43ED-A2CF-2536FED65CE5}.Release|Any CPU.Build.0 = Release|Any CPU
		{49C4116C-3DD8-45AA-80F5-9073DC23A719}.Debug|Any CPU.ActiveCfg = Debug|Any CPU
		{49C4116C-3DD8-45AA-80F5-9073DC23A719}.Debug|Any CPU.Build.0 = Debug|Any CPU
		{49C4116C-3DD8-45AA-80F5-9073DC23A719}.Release|Any CPU.ActiveCfg = Release|Any CPU
		{49C4116C-3DD8-45AA-80F5-9073DC23A719}.Release|Any CPU.Build.0 = Release|Any CPU
		{C6728FFC-BA6A-4674-8A10-92D84DB9D818}.Debug|Any CPU.ActiveCfg = Debug|Any CPU
		{C6728FFC-BA6A-4674-8A10-92D84DB9D818}.Debug|Any CPU.Build.0 = Debug|Any CPU
		{C6728FFC-BA6A-4674-8A10-92D84DB9D818}.Release|Any CPU.ActiveCfg = Release|Any CPU
		{C6728FFC-BA6A-4674-8A10-92D84DB9D818}.Release|Any CPU.Build.0 = Release|Any CPU
		{D79897E5-6BCB-4D4A-87E1-92ACD5D0824D}.Debug|Any CPU.ActiveCfg = Debug|Any CPU
		{D79897E5-6BCB-4D4A-87E1-92ACD5D0824D}.Debug|Any CPU.Build.0 = Debug|Any CPU
		{D79897E5-6BCB-4D4A-87E1-92ACD5D0824D}.Release|Any CPU.ActiveCfg = Release|Any CPU
		{D79897E5-6BCB-4D4A-87E1-92ACD5D0824D}.Release|Any CPU.Build.0 = Release|Any CPU
		{25B607C1-B277-4017-A12E-BD87C657BE24}.Debug|Any CPU.ActiveCfg = Debug|Any CPU
		{25B607C1-B277-4017-A12E-BD87C657BE24}.Debug|Any CPU.Build.0 = Debug|Any CPU
		{25B607C1-B277-4017-A12E-BD87C657BE24}.Release|Any CPU.ActiveCfg = Release|Any CPU
		{25B607C1-B277-4017-A12E-BD87C657BE24}.Release|Any CPU.Build.0 = Release|Any CPU
		{A7B356F9-BB08-4A02-83FC-E90C9169C014}.Debug|Any CPU.ActiveCfg = Debug|Any CPU
		{A7B356F9-BB08-4A02-83FC-E90C9169C014}.Debug|Any CPU.Build.0 = Debug|Any CPU
		{A7B356F9-BB08-4A02-83FC-E90C9169C014}.Release|Any CPU.ActiveCfg = Release|Any CPU
		{A7B356F9-BB08-4A02-83FC-E90C9169C014}.Release|Any CPU.Build.0 = Release|Any CPU
		{1319CB3B-5B49-43BA-9083-EB1DC714F2DD}.Debug|Any CPU.ActiveCfg = Debug|Any CPU
		{1319CB3B-5B49-43BA-9083-EB1DC714F2DD}.Debug|Any CPU.Build.0 = Debug|Any CPU
		{1319CB3B-5B49-43BA-9083-EB1DC714F2DD}.Release|Any CPU.ActiveCfg = Release|Any CPU
		{1319CB3B-5B49-43BA-9083-EB1DC714F2DD}.Release|Any CPU.Build.0 = Release|Any CPU
		{2B53FCA5-DAA7-454F-B7EA-B34C0AB936A2}.Debug|Any CPU.ActiveCfg = Debug|Any CPU
		{2B53FCA5-DAA7-454F-B7EA-B34C0AB936A2}.Debug|Any CPU.Build.0 = Debug|Any CPU
		{2B53FCA5-DAA7-454F-B7EA-B34C0AB936A2}.Release|Any CPU.ActiveCfg = Release|Any CPU
		{2B53FCA5-DAA7-454F-B7EA-B34C0AB936A2}.Release|Any CPU.Build.0 = Release|Any CPU
		{6DA91156-9C0A-41F1-8211-F7FDDF9F0279}.Debug|Any CPU.ActiveCfg = Debug|Any CPU
		{6DA91156-9C0A-41F1-8211-F7FDDF9F0279}.Debug|Any CPU.Build.0 = Debug|Any CPU
		{6DA91156-9C0A-41F1-8211-F7FDDF9F0279}.Release|Any CPU.ActiveCfg = Release|Any CPU
		{6DA91156-9C0A-41F1-8211-F7FDDF9F0279}.Release|Any CPU.Build.0 = Release|Any CPU
		{3B75A71B-FF43-491C-B8C5-457447B2FC4E}.Debug|Any CPU.ActiveCfg = Debug|Any CPU
		{3B75A71B-FF43-491C-B8C5-457447B2FC4E}.Debug|Any CPU.Build.0 = Debug|Any CPU
		{3B75A71B-FF43-491C-B8C5-457447B2FC4E}.Release|Any CPU.ActiveCfg = Release|Any CPU
		{3B75A71B-FF43-491C-B8C5-457447B2FC4E}.Release|Any CPU.Build.0 = Release|Any CPU
		{8C03DD77-A716-473C-A0D9-A82406288B06}.Debug|Any CPU.ActiveCfg = Debug|Any CPU
		{8C03DD77-A716-473C-A0D9-A82406288B06}.Debug|Any CPU.Build.0 = Debug|Any CPU
		{8C03DD77-A716-473C-A0D9-A82406288B06}.Release|Any CPU.ActiveCfg = Release|Any CPU
		{8C03DD77-A716-473C-A0D9-A82406288B06}.Release|Any CPU.Build.0 = Release|Any CPU
		{9F799436-0801-4EDA-B8F6-2C52A80DAC10}.Debug|Any CPU.ActiveCfg = Debug|Any CPU
		{9F799436-0801-4EDA-B8F6-2C52A80DAC10}.Debug|Any CPU.Build.0 = Debug|Any CPU
		{9F799436-0801-4EDA-B8F6-2C52A80DAC10}.Release|Any CPU.ActiveCfg = Release|Any CPU
		{9F799436-0801-4EDA-B8F6-2C52A80DAC10}.Release|Any CPU.Build.0 = Release|Any CPU
		{B7732E43-8D65-4F1E-9633-0393E2000BFD}.Debug|Any CPU.ActiveCfg = Debug|Any CPU
		{B7732E43-8D65-4F1E-9633-0393E2000BFD}.Debug|Any CPU.Build.0 = Debug|Any CPU
		{B7732E43-8D65-4F1E-9633-0393E2000BFD}.Release|Any CPU.ActiveCfg = Release|Any CPU
		{B7732E43-8D65-4F1E-9633-0393E2000BFD}.Release|Any CPU.Build.0 = Release|Any CPU
		{563C0B1B-CF0B-4DEB-800C-FEB656CDB8D0}.Debug|Any CPU.ActiveCfg = Debug|Any CPU
		{563C0B1B-CF0B-4DEB-800C-FEB656CDB8D0}.Debug|Any CPU.Build.0 = Debug|Any CPU
		{563C0B1B-CF0B-4DEB-800C-FEB656CDB8D0}.Release|Any CPU.ActiveCfg = Release|Any CPU
		{563C0B1B-CF0B-4DEB-800C-FEB656CDB8D0}.Release|Any CPU.Build.0 = Release|Any CPU
		{2E21C1E3-BFCD-424C-A52A-53AB0C73B0AE}.Debug|Any CPU.ActiveCfg = Debug|Any CPU
		{2E21C1E3-BFCD-424C-A52A-53AB0C73B0AE}.Debug|Any CPU.Build.0 = Debug|Any CPU
		{2E21C1E3-BFCD-424C-A52A-53AB0C73B0AE}.Release|Any CPU.ActiveCfg = Release|Any CPU
		{2E21C1E3-BFCD-424C-A52A-53AB0C73B0AE}.Release|Any CPU.Build.0 = Release|Any CPU
		{9BA4773F-9BF3-4BF4-A2B9-858C7F051A1E}.Debug|Any CPU.ActiveCfg = Debug|Any CPU
		{9BA4773F-9BF3-4BF4-A2B9-858C7F051A1E}.Debug|Any CPU.Build.0 = Debug|Any CPU
		{9BA4773F-9BF3-4BF4-A2B9-858C7F051A1E}.Release|Any CPU.ActiveCfg = Release|Any CPU
		{9BA4773F-9BF3-4BF4-A2B9-858C7F051A1E}.Release|Any CPU.Build.0 = Release|Any CPU
		{DB3528F7-EBF7-48C5-80E7-86C6FAE1F906}.Debug|Any CPU.ActiveCfg = Debug|Any CPU
		{DB3528F7-EBF7-48C5-80E7-86C6FAE1F906}.Debug|Any CPU.Build.0 = Debug|Any CPU
		{DB3528F7-EBF7-48C5-80E7-86C6FAE1F906}.Release|Any CPU.ActiveCfg = Release|Any CPU
		{DB3528F7-EBF7-48C5-80E7-86C6FAE1F906}.Release|Any CPU.Build.0 = Release|Any CPU
		{C727D5A6-EF75-49B1-9BD9-8B8A85781B85}.Debug|Any CPU.ActiveCfg = Debug|Any CPU
		{C727D5A6-EF75-49B1-9BD9-8B8A85781B85}.Debug|Any CPU.Build.0 = Debug|Any CPU
		{C727D5A6-EF75-49B1-9BD9-8B8A85781B85}.Release|Any CPU.ActiveCfg = Release|Any CPU
		{C727D5A6-EF75-49B1-9BD9-8B8A85781B85}.Release|Any CPU.Build.0 = Release|Any CPU
		{23B3A650-F7C1-419A-9D07-3FC280683D26}.Debug|Any CPU.ActiveCfg = Debug|Any CPU
		{23B3A650-F7C1-419A-9D07-3FC280683D26}.Debug|Any CPU.Build.0 = Debug|Any CPU
		{23B3A650-F7C1-419A-9D07-3FC280683D26}.Release|Any CPU.ActiveCfg = Release|Any CPU
		{23B3A650-F7C1-419A-9D07-3FC280683D26}.Release|Any CPU.Build.0 = Release|Any CPU
		{FC9B65B6-1708-4023-99AE-2EA883CD06E7}.Debug|Any CPU.ActiveCfg = Debug|Any CPU
		{FC9B65B6-1708-4023-99AE-2EA883CD06E7}.Debug|Any CPU.Build.0 = Debug|Any CPU
		{FC9B65B6-1708-4023-99AE-2EA883CD06E7}.Release|Any CPU.ActiveCfg = Release|Any CPU
		{FC9B65B6-1708-4023-99AE-2EA883CD06E7}.Release|Any CPU.Build.0 = Release|Any CPU
		{DB6FE455-BF3F-4D0C-8FEE-02A4B650CCE9}.Debug|Any CPU.ActiveCfg = Debug|Any CPU
		{DB6FE455-BF3F-4D0C-8FEE-02A4B650CCE9}.Debug|Any CPU.Build.0 = Debug|Any CPU
		{DB6FE455-BF3F-4D0C-8FEE-02A4B650CCE9}.Release|Any CPU.ActiveCfg = Release|Any CPU
		{DB6FE455-BF3F-4D0C-8FEE-02A4B650CCE9}.Release|Any CPU.Build.0 = Release|Any CPU
	EndGlobalSection
	GlobalSection(SolutionProperties) = preSolution
		HideSolutionNode = FALSE
	EndGlobalSection
	GlobalSection(NestedProjects) = preSolution
		{4B51F820-7133-4B71-BD3B-5B06454B5C95} = {7E044226-A894-4320-83F8-FB334AF1EAF7}
		{99624D6D-361F-43ED-A2CF-2536FED65CE5} = {7E044226-A894-4320-83F8-FB334AF1EAF7}
		{49C4116C-3DD8-45AA-80F5-9073DC23A719} = {7E044226-A894-4320-83F8-FB334AF1EAF7}
		{C6728FFC-BA6A-4674-8A10-92D84DB9D818} = {7E044226-A894-4320-83F8-FB334AF1EAF7}
		{D79897E5-6BCB-4D4A-87E1-92ACD5D0824D} = {7E044226-A894-4320-83F8-FB334AF1EAF7}
		{25B607C1-B277-4017-A12E-BD87C657BE24} = {7E044226-A894-4320-83F8-FB334AF1EAF7}
		{A7B356F9-BB08-4A02-83FC-E90C9169C014} = {7E044226-A894-4320-83F8-FB334AF1EAF7}
		{1319CB3B-5B49-43BA-9083-EB1DC714F2DD} = {7E044226-A894-4320-83F8-FB334AF1EAF7}
		{2B53FCA5-DAA7-454F-B7EA-B34C0AB936A2} = {7E044226-A894-4320-83F8-FB334AF1EAF7}
		{6DA91156-9C0A-41F1-8211-F7FDDF9F0279} = {7E044226-A894-4320-83F8-FB334AF1EAF7}
		{3B75A71B-FF43-491C-B8C5-457447B2FC4E} = {20AADF7A-0B40-4AD9-A35C-65458FB68C16}
		{8C03DD77-A716-473C-A0D9-A82406288B06} = {20AADF7A-0B40-4AD9-A35C-65458FB68C16}
		{9F799436-0801-4EDA-B8F6-2C52A80DAC10} = {20AADF7A-0B40-4AD9-A35C-65458FB68C16}
		{B7732E43-8D65-4F1E-9633-0393E2000BFD} = {20AADF7A-0B40-4AD9-A35C-65458FB68C16}
		{563C0B1B-CF0B-4DEB-800C-FEB656CDB8D0} = {20AADF7A-0B40-4AD9-A35C-65458FB68C16}
		{2E21C1E3-BFCD-424C-A52A-53AB0C73B0AE} = {20AADF7A-0B40-4AD9-A35C-65458FB68C16}
		{9BA4773F-9BF3-4BF4-A2B9-858C7F051A1E} = {20AADF7A-0B40-4AD9-A35C-65458FB68C16}
		{DB3528F7-EBF7-48C5-80E7-86C6FAE1F906} = {F2814728-E5C9-4243-987C-2A1132017C65}
		{C727D5A6-EF75-49B1-9BD9-8B8A85781B85} = {F2814728-E5C9-4243-987C-2A1132017C65}
		{23B3A650-F7C1-419A-9D07-3FC280683D26} = {F2814728-E5C9-4243-987C-2A1132017C65}
		{FC9B65B6-1708-4023-99AE-2EA883CD06E7} = {F2814728-E5C9-4243-987C-2A1132017C65}
		{DB6FE455-BF3F-4D0C-8FEE-02A4B650CCE9} = {F2814728-E5C9-4243-987C-2A1132017C65}
	EndGlobalSection
	GlobalSection(ExtensibilityGlobals) = postSolution
		SolutionGuid = {BEFC6FFB-9B18-4482-B6BA-0BA10318CA50}
	EndGlobalSection
EndGlobal
